
Microsoft Visual Studio Solution File, Format Version 12.00
# Visual Studio Version 17
VisualStudioVersion = 17.14.36310.24 d17.14
MinimumVisualStudioVersion = 10.0.40219.1
Project("{FAE04EC0-301F-11D3-BF4B-00C04F79EFBC}") = "MaxSubArraySum", "MaxSubArraySum\MaxSubArraySum.csproj", "{56F9380C-9AFC-4087-8F7F-55C021077069}"
EndProject
Global
	GlobalSection(SolutionConfigurationPlatforms) = preSolution
		Debug|Any CPU = Debug|Any CPU
		Release|Any CPU = Release|Any CPU
	EndGlobalSection
	GlobalSection(ProjectConfigurationPlatforms) = postSolution
		{56F9380C-9AFC-4087-8F7F-55C021077069}.Debug|Any CPU.ActiveCfg = Debug|Any CPU
		{56F9380C-9AFC-4087-8F7F-55C021077069}.Debug|Any CPU.Build.0 = Debug|Any CPU
		{56F9380C-9AFC-4087-8F7F-55C021077069}.Release|Any CPU.ActiveCfg = Release|Any CPU
		{56F9380C-9AFC-4087-8F7F-55C021077069}.Release|Any CPU.Build.0 = Release|Any CPU
	EndGlobalSection
	GlobalSection(SolutionProperties) = preSolution
		HideSolutionNode = FALSE
	EndGlobalSection
	GlobalSection(ExtensibilityGlobals) = postSolution
		SolutionGuid = {98636693-DAE7-4115-BD13-97C389B80C81}
	EndGlobalSection
EndGlobal
